
Microsoft Visual Studio Solution File, Format Version 12.00
# Visual Studio Version 16
VisualStudioVersion = 16.0.31729.503
MinimumVisualStudioVersion = 10.0.40219.1
Project("{FAE04EC0-301F-11D3-BF4B-00C04F79EFBC}") = "IfElseSwitch", "IfElseSwitch\IfElseSwitch.csproj", "{79784AB2-4FDE-4564-83A1-76871F0B846C}"
EndProject
Global
	GlobalSection(SolutionConfigurationPlatforms) = preSolution
		Debug|Any CPU = Debug|Any CPU
		Release|Any CPU = Release|Any CPU
	EndGlobalSection
	GlobalSection(ProjectConfigurationPlatforms) = postSolution
		{79784AB2-4FDE-4564-83A1-76871F0B846C}.Debug|Any CPU.ActiveCfg = Debug|Any CPU
		{79784AB2-4FDE-4564-83A1-76871F0B846C}.Debug|Any CPU.Build.0 = Debug|Any CPU
		{79784AB2-4FDE-4564-83A1-76871F0B846C}.Release|Any CPU.ActiveCfg = Release|Any CPU
		{79784AB2-4FDE-4564-83A1-76871F0B846C}.Release|Any CPU.Build.0 = Release|Any CPU
	EndGlobalSection
	GlobalSection(SolutionProperties) = preSolution
		HideSolutionNode = FALSE
	EndGlobalSection
	GlobalSection(ExtensibilityGlobals) = postSolution
		SolutionGuid = {C280E207-AB6E-4989-939B-C488658DBC44}
	EndGlobalSection
EndGlobal
